
Microsoft Visual Studio Solution File, Format Version 12.00
# Visual Studio 15
VisualStudioVersion = 15.0.28307.438
MinimumVisualStudioVersion = 10.0.40219.1
Project("{FAE04EC0-301F-11D3-BF4B-00C04F79EFBC}") = "AzuTest1", "AzuTest1\AzuTest1.csproj", "{ACC41532-6209-4F91-994B-E86283EE16EE}"
EndProject
Global
	GlobalSection(SolutionConfigurationPlatforms) = preSolution
		Debug|Any CPU = Debug|Any CPU
		Release|Any CPU = Release|Any CPU
	EndGlobalSection
	GlobalSection(ProjectConfigurationPlatforms) = postSolution
		{ACC41532-6209-4F91-994B-E86283EE16EE}.Debug|Any CPU.ActiveCfg = Debug|Any CPU
		{ACC41532-6209-4F91-994B-E86283EE16EE}.Debug|Any CPU.Build.0 = Debug|Any CPU
		{ACC41532-6209-4F91-994B-E86283EE16EE}.Release|Any CPU.ActiveCfg = Release|Any CPU
		{ACC41532-6209-4F91-994B-E86283EE16EE}.Release|Any CPU.Build.0 = Release|Any CPU
	EndGlobalSection
	GlobalSection(SolutionProperties) = preSolution
		HideSolutionNode = FALSE
	EndGlobalSection
	GlobalSection(ExtensibilityGlobals) = postSolution
		SolutionGuid = {C1CC54A0-A45D-4085-8C86-95A07EAB00C1}
	EndGlobalSection
EndGlobal
